
Microsoft Visual Studio Solution File, Format Version 12.00
# Visual Studio Version 16
VisualStudioVersion = 25.0.1706.14
MinimumVisualStudioVersion = 10.0.40219.1
Project("{FAE04EC0-301F-11D3-BF4B-00C04F79EFBC}") = "JSON_XML_Serialization", "JSON_XML_Serialization\JSON_XML_Serialization.csproj", "{5DCC5071-C517-432A-88BB-BA3918A8D8F9}"
EndProject
Global
	GlobalSection(SolutionConfigurationPlatforms) = preSolution
		Debug|Any CPU = Debug|Any CPU
		Release|Any CPU = Release|Any CPU
	EndGlobalSection
	GlobalSection(ProjectConfigurationPlatforms) = postSolution
		{5DCC5071-C517-432A-88BB-BA3918A8D8F9}.Debug|Any CPU.ActiveCfg = Debug|Any CPU
		{5DCC5071-C517-432A-88BB-BA3918A8D8F9}.Debug|Any CPU.Build.0 = Debug|Any CPU
		{5DCC5071-C517-432A-88BB-BA3918A8D8F9}.Release|Any CPU.ActiveCfg = Release|Any CPU
		{5DCC5071-C517-432A-88BB-BA3918A8D8F9}.Release|Any CPU.Build.0 = Release|Any CPU
	EndGlobalSection
	GlobalSection(SolutionProperties) = preSolution
		HideSolutionNode = FALSE
	EndGlobalSection
	GlobalSection(ExtensibilityGlobals) = postSolution
		SolutionGuid = {AE4B4565-069B-411D-A436-7DC73845A113}
	EndGlobalSection
EndGlobal
